
Microsoft Visual Studio Solution File, Format Version 12.00
# Visual Studio Version 16
VisualStudioVersion = 16.0.31025.194
MinimumVisualStudioVersion = 10.0.40219.1
Project("{FAE04EC0-301F-11D3-BF4B-00C04F79EFBC}") = "AutomationDriller", "AutomationDriller\AutomationDriller.csproj", "{913FDDBB-3A29-4C15-95CD-C23614CDEE78}"
EndProject
Project("{FAE04EC0-301F-11D3-BF4B-00C04F79EFBC}") = "AutoLander", "AutoPilot\AutoLander.csproj", "{90A45860-E224-4678-A8D5-7BEFABCDC1D2}"
EndProject
Project("{FAE04EC0-301F-11D3-BF4B-00C04F79EFBC}") = "DockingPistonAutoRetract-Extend", "DockingPistonAutoRetract-Extend\DockingPistonAutoRetract-Extend.csproj", "{F3C64CF0-7F3D-4B9C-AE5E-B1D2817EF1D4}"
EndProject
Project("{FAE04EC0-301F-11D3-BF4B-00C04F79EFBC}") = "AirlockControl", "AirlockControl\AirlockControl.csproj", "{E470414F-C133-4E8A-A65F-5DE573B850F0}"
EndProject
Project("{FAE04EC0-301F-11D3-BF4B-00C04F79EFBC}") = "SolarPanelSunTracker", "SolarPanelSunTracker\SolarPanelSunTracker.csproj", "{6986FAFF-B554-4ED5-9A9A-64C9EDD61D6B}"
EndProject
Project("{2150E333-8FDC-42A3-9474-1A3956D46DE8}") = "Solution Items", "Solution Items", "{E7EC82EE-7A65-4874-B230-6EB904C8D8A4}"
	ProjectSection(SolutionItems) = preProject
		README.md = README.md
	EndProjectSection
EndProject
Project("{FAE04EC0-301F-11D3-BF4B-00C04F79EFBC}") = "AutoPilotNotMine", "AutoPilotNotMine\AutoPilotNotMine.csproj", "{B710112D-53ED-4F29-9BC9-C3471D806467}"
EndProject
Project("{FAE04EC0-301F-11D3-BF4B-00C04F79EFBC}") = "Displays", "LCD Controller\Displays.csproj", "{3694420A-800A-4FFF-9ED7-2825373F34C3}"
EndProject
Project("{FAE04EC0-301F-11D3-BF4B-00C04F79EFBC}") = "BlockTotalCreator", "BlockTotalCreator\BlockTotalCreator.csproj", "{F3F4E11E-B7A9-484D-B118-B882F5A88EC8}"
EndProject
Project("{FAE04EC0-301F-11D3-BF4B-00C04F79EFBC}") = "BlockTotalCreator.Tests.xUnit", "BlockTotalCreator.Tests.xUnit\BlockTotalCreator.Tests.xUnit.csproj", "{2703E11F-15C1-4FAD-BD8F-569E68BA3E04}"
EndProject
Project("{9A19103F-16F7-4668-BE54-9A1E7A4F7556}") = "BlockTotalCreator.Core", "BlockTotalCreator.Core\BlockTotalCreator.Core.csproj", "{CA803D58-7B2B-4C42-85D3-AD99C882D6D6}"
EndProject
Global
	GlobalSection(SolutionConfigurationPlatforms) = preSolution
		Debug|Any CPU = Debug|Any CPU
		Debug|ARM = Debug|ARM
		Debug|ARM64 = Debug|ARM64
		Debug|x64 = Debug|x64
		Debug|x86 = Debug|x86
		Release|Any CPU = Release|Any CPU
		Release|ARM = Release|ARM
		Release|ARM64 = Release|ARM64
		Release|x64 = Release|x64
		Release|x86 = Release|x86
	EndGlobalSection
	GlobalSection(ProjectConfigurationPlatforms) = postSolution
		{913FDDBB-3A29-4C15-95CD-C23614CDEE78}.Debug|Any CPU.ActiveCfg = Debug|x64
		{913FDDBB-3A29-4C15-95CD-C23614CDEE78}.Debug|ARM.ActiveCfg = Debug|x64
		{913FDDBB-3A29-4C15-95CD-C23614CDEE78}.Debug|ARM64.ActiveCfg = Debug|x64
		{913FDDBB-3A29-4C15-95CD-C23614CDEE78}.Debug|x64.ActiveCfg = Debug|x64
		{913FDDBB-3A29-4C15-95CD-C23614CDEE78}.Debug|x64.Build.0 = Debug|x64
		{913FDDBB-3A29-4C15-95CD-C23614CDEE78}.Debug|x86.ActiveCfg = Debug|x64
		{913FDDBB-3A29-4C15-95CD-C23614CDEE78}.Release|Any CPU.ActiveCfg = Debug|x64
		{913FDDBB-3A29-4C15-95CD-C23614CDEE78}.Release|Any CPU.Build.0 = Debug|x64
		{913FDDBB-3A29-4C15-95CD-C23614CDEE78}.Release|ARM.ActiveCfg = Debug|x64
		{913FDDBB-3A29-4C15-95CD-C23614CDEE78}.Release|ARM.Build.0 = Debug|x64
		{913FDDBB-3A29-4C15-95CD-C23614CDEE78}.Release|ARM64.ActiveCfg = Debug|x64
		{913FDDBB-3A29-4C15-95CD-C23614CDEE78}.Release|ARM64.Build.0 = Debug|x64
		{913FDDBB-3A29-4C15-95CD-C23614CDEE78}.Release|x64.ActiveCfg = Debug|x64
		{913FDDBB-3A29-4C15-95CD-C23614CDEE78}.Release|x64.Build.0 = Debug|x64
		{913FDDBB-3A29-4C15-95CD-C23614CDEE78}.Release|x86.ActiveCfg = Debug|x64
		{913FDDBB-3A29-4C15-95CD-C23614CDEE78}.Release|x86.Build.0 = Debug|x64
		{90A45860-E224-4678-A8D5-7BEFABCDC1D2}.Debug|Any CPU.ActiveCfg = Debug|x64
		{90A45860-E224-4678-A8D5-7BEFABCDC1D2}.Debug|ARM.ActiveCfg = Debug|x64
		{90A45860-E224-4678-A8D5-7BEFABCDC1D2}.Debug|ARM64.ActiveCfg = Debug|x64
		{90A45860-E224-4678-A8D5-7BEFABCDC1D2}.Debug|x64.ActiveCfg = Debug|x64
		{90A45860-E224-4678-A8D5-7BEFABCDC1D2}.Debug|x64.Build.0 = Debug|x64
		{90A45860-E224-4678-A8D5-7BEFABCDC1D2}.Debug|x86.ActiveCfg = Debug|x64
		{90A45860-E224-4678-A8D5-7BEFABCDC1D2}.Release|Any CPU.ActiveCfg = Debug|x64
		{90A45860-E224-4678-A8D5-7BEFABCDC1D2}.Release|Any CPU.Build.0 = Debug|x64
		{90A45860-E224-4678-A8D5-7BEFABCDC1D2}.Release|ARM.ActiveCfg = Debug|x64
		{90A45860-E224-4678-A8D5-7BEFABCDC1D2}.Release|ARM.Build.0 = Debug|x64
		{90A45860-E224-4678-A8D5-7BEFABCDC1D2}.Release|ARM64.ActiveCfg = Debug|x64
		{90A45860-E224-4678-A8D5-7BEFABCDC1D2}.Release|ARM64.Build.0 = Debug|x64
		{90A45860-E224-4678-A8D5-7BEFABCDC1D2}.Release|x64.ActiveCfg = Debug|x64
		{90A45860-E224-4678-A8D5-7BEFABCDC1D2}.Release|x64.Build.0 = Debug|x64
		{90A45860-E224-4678-A8D5-7BEFABCDC1D2}.Release|x86.ActiveCfg = Debug|x64
		{90A45860-E224-4678-A8D5-7BEFABCDC1D2}.Release|x86.Build.0 = Debug|x64
		{F3C64CF0-7F3D-4B9C-AE5E-B1D2817EF1D4}.Debug|Any CPU.ActiveCfg = Debug|x64
		{F3C64CF0-7F3D-4B9C-AE5E-B1D2817EF1D4}.Debug|ARM.ActiveCfg = Debug|x64
		{F3C64CF0-7F3D-4B9C-AE5E-B1D2817EF1D4}.Debug|ARM64.ActiveCfg = Debug|x64
		{F3C64CF0-7F3D-4B9C-AE5E-B1D2817EF1D4}.Debug|x64.ActiveCfg = Debug|x64
		{F3C64CF0-7F3D-4B9C-AE5E-B1D2817EF1D4}.Debug|x64.Build.0 = Debug|x64
		{F3C64CF0-7F3D-4B9C-AE5E-B1D2817EF1D4}.Debug|x86.ActiveCfg = Debug|x64
		{F3C64CF0-7F3D-4B9C-AE5E-B1D2817EF1D4}.Release|Any CPU.ActiveCfg = Debug|x64
		{F3C64CF0-7F3D-4B9C-AE5E-B1D2817EF1D4}.Release|Any CPU.Build.0 = Debug|x64
		{F3C64CF0-7F3D-4B9C-AE5E-B1D2817EF1D4}.Release|ARM.ActiveCfg = Debug|x64
		{F3C64CF0-7F3D-4B9C-AE5E-B1D2817EF1D4}.Release|ARM.Build.0 = Debug|x64
		{F3C64CF0-7F3D-4B9C-AE5E-B1D2817EF1D4}.Release|ARM64.ActiveCfg = Debug|x64
		{F3C64CF0-7F3D-4B9C-AE5E-B1D2817EF1D4}.Release|ARM64.Build.0 = Debug|x64
		{F3C64CF0-7F3D-4B9C-AE5E-B1D2817EF1D4}.Release|x64.ActiveCfg = Debug|x64
		{F3C64CF0-7F3D-4B9C-AE5E-B1D2817EF1D4}.Release|x64.Build.0 = Debug|x64
		{F3C64CF0-7F3D-4B9C-AE5E-B1D2817EF1D4}.Release|x86.ActiveCfg = Debug|x64
		{F3C64CF0-7F3D-4B9C-AE5E-B1D2817EF1D4}.Release|x86.Build.0 = Debug|x64
		{E470414F-C133-4E8A-A65F-5DE573B850F0}.Debug|Any CPU.ActiveCfg = Debug|x64
		{E470414F-C133-4E8A-A65F-5DE573B850F0}.Debug|ARM.ActiveCfg = Debug|x64
		{E470414F-C133-4E8A-A65F-5DE573B850F0}.Debug|ARM64.ActiveCfg = Debug|x64
		{E470414F-C133-4E8A-A65F-5DE573B850F0}.Debug|x64.ActiveCfg = Debug|x64
		{E470414F-C133-4E8A-A65F-5DE573B850F0}.Debug|x64.Build.0 = Debug|x64
		{E470414F-C133-4E8A-A65F-5DE573B850F0}.Debug|x86.ActiveCfg = Debug|x64
		{E470414F-C133-4E8A-A65F-5DE573B850F0}.Release|Any CPU.ActiveCfg = Debug|x64
		{E470414F-C133-4E8A-A65F-5DE573B850F0}.Release|Any CPU.Build.0 = Debug|x64
		{E470414F-C133-4E8A-A65F-5DE573B850F0}.Release|ARM.ActiveCfg = Debug|x64
		{E470414F-C133-4E8A-A65F-5DE573B850F0}.Release|ARM.Build.0 = Debug|x64
		{E470414F-C133-4E8A-A65F-5DE573B850F0}.Release|ARM64.ActiveCfg = Debug|x64
		{E470414F-C133-4E8A-A65F-5DE573B850F0}.Release|ARM64.Build.0 = Debug|x64
		{E470414F-C133-4E8A-A65F-5DE573B850F0}.Release|x64.ActiveCfg = Debug|x64
		{E470414F-C133-4E8A-A65F-5DE573B850F0}.Release|x64.Build.0 = Debug|x64
		{E470414F-C133-4E8A-A65F-5DE573B850F0}.Release|x86.ActiveCfg = Debug|x64
		{E470414F-C133-4E8A-A65F-5DE573B850F0}.Release|x86.Build.0 = Debug|x64
		{6986FAFF-B554-4ED5-9A9A-64C9EDD61D6B}.Debug|Any CPU.ActiveCfg = Debug|x64
		{6986FAFF-B554-4ED5-9A9A-64C9EDD61D6B}.Debug|ARM.ActiveCfg = Debug|x64
		{6986FAFF-B554-4ED5-9A9A-64C9EDD61D6B}.Debug|ARM64.ActiveCfg = Debug|x64
		{6986FAFF-B554-4ED5-9A9A-64C9EDD61D6B}.Debug|x64.ActiveCfg = Debug|x64
		{6986FAFF-B554-4ED5-9A9A-64C9EDD61D6B}.Debug|x64.Build.0 = Debug|x64
		{6986FAFF-B554-4ED5-9A9A-64C9EDD61D6B}.Debug|x86.ActiveCfg = Debug|x64
		{6986FAFF-B554-4ED5-9A9A-64C9EDD61D6B}.Release|Any CPU.ActiveCfg = Debug|x64
		{6986FAFF-B554-4ED5-9A9A-64C9EDD61D6B}.Release|Any CPU.Build.0 = Debug|x64
		{6986FAFF-B554-4ED5-9A9A-64C9EDD61D6B}.Release|ARM.ActiveCfg = Debug|x64
		{6986FAFF-B554-4ED5-9A9A-64C9EDD61D6B}.Release|ARM.Build.0 = Debug|x64
		{6986FAFF-B554-4ED5-9A9A-64C9EDD61D6B}.Release|ARM64.ActiveCfg = Debug|x64
		{6986FAFF-B554-4ED5-9A9A-64C9EDD61D6B}.Release|ARM64.Build.0 = Debug|x64
		{6986FAFF-B554-4ED5-9A9A-64C9EDD61D6B}.Release|x64.ActiveCfg = Debug|x64
		{6986FAFF-B554-4ED5-9A9A-64C9EDD61D6B}.Release|x64.Build.0 = Debug|x64
		{6986FAFF-B554-4ED5-9A9A-64C9EDD61D6B}.Release|x86.ActiveCfg = Debug|x64
		{6986FAFF-B554-4ED5-9A9A-64C9EDD61D6B}.Release|x86.Build.0 = Debug|x64
		{B710112D-53ED-4F29-9BC9-C3471D806467}.Debug|Any CPU.ActiveCfg = Debug|x64
		{B710112D-53ED-4F29-9BC9-C3471D806467}.Debug|ARM.ActiveCfg = Debug|x64
		{B710112D-53ED-4F29-9BC9-C3471D806467}.Debug|ARM64.ActiveCfg = Debug|x64
		{B710112D-53ED-4F29-9BC9-C3471D806467}.Debug|x64.ActiveCfg = Debug|x64
		{B710112D-53ED-4F29-9BC9-C3471D806467}.Debug|x64.Build.0 = Debug|x64
		{B710112D-53ED-4F29-9BC9-C3471D806467}.Debug|x86.ActiveCfg = Debug|x64
		{B710112D-53ED-4F29-9BC9-C3471D806467}.Release|Any CPU.ActiveCfg = Debug|x64
		{B710112D-53ED-4F29-9BC9-C3471D806467}.Release|Any CPU.Build.0 = Debug|x64
		{B710112D-53ED-4F29-9BC9-C3471D806467}.Release|ARM.ActiveCfg = Debug|x64
		{B710112D-53ED-4F29-9BC9-C3471D806467}.Release|ARM.Build.0 = Debug|x64
		{B710112D-53ED-4F29-9BC9-C3471D806467}.Release|ARM64.ActiveCfg = Debug|x64
		{B710112D-53ED-4F29-9BC9-C3471D806467}.Release|ARM64.Build.0 = Debug|x64
		{B710112D-53ED-4F29-9BC9-C3471D806467}.Release|x64.ActiveCfg = Debug|x64
		{B710112D-53ED-4F29-9BC9-C3471D806467}.Release|x64.Build.0 = Debug|x64
		{B710112D-53ED-4F29-9BC9-C3471D806467}.Release|x86.ActiveCfg = Debug|x64
		{B710112D-53ED-4F29-9BC9-C3471D806467}.Release|x86.Build.0 = Debug|x64
		{3694420A-800A-4FFF-9ED7-2825373F34C3}.Debug|Any CPU.ActiveCfg = Debug|x64
		{3694420A-800A-4FFF-9ED7-2825373F34C3}.Debug|ARM.ActiveCfg = Debug|x64
		{3694420A-800A-4FFF-9ED7-2825373F34C3}.Debug|ARM64.ActiveCfg = Debug|x64
		{3694420A-800A-4FFF-9ED7-2825373F34C3}.Debug|x64.ActiveCfg = Debug|x64
		{3694420A-800A-4FFF-9ED7-2825373F34C3}.Debug|x64.Build.0 = Debug|x64
		{3694420A-800A-4FFF-9ED7-2825373F34C3}.Debug|x86.ActiveCfg = Debug|x64
		{3694420A-800A-4FFF-9ED7-2825373F34C3}.Release|Any CPU.ActiveCfg = Debug|x64
		{3694420A-800A-4FFF-9ED7-2825373F34C3}.Release|Any CPU.Build.0 = Debug|x64
		{3694420A-800A-4FFF-9ED7-2825373F34C3}.Release|ARM.ActiveCfg = Debug|x64
		{3694420A-800A-4FFF-9ED7-2825373F34C3}.Release|ARM.Build.0 = Debug|x64
		{3694420A-800A-4FFF-9ED7-2825373F34C3}.Release|ARM64.ActiveCfg = Debug|x64
		{3694420A-800A-4FFF-9ED7-2825373F34C3}.Release|ARM64.Build.0 = Debug|x64
		{3694420A-800A-4FFF-9ED7-2825373F34C3}.Release|x64.ActiveCfg = Debug|x64
		{3694420A-800A-4FFF-9ED7-2825373F34C3}.Release|x64.Build.0 = Debug|x64
		{3694420A-800A-4FFF-9ED7-2825373F34C3}.Release|x86.ActiveCfg = Debug|x64
		{3694420A-800A-4FFF-9ED7-2825373F34C3}.Release|x86.Build.0 = Debug|x64
		{F3F4E11E-B7A9-484D-B118-B882F5A88EC8}.Debug|Any CPU.ActiveCfg = Debug|x86
		{F3F4E11E-B7A9-484D-B118-B882F5A88EC8}.Debug|ARM.ActiveCfg = Debug|ARM
		{F3F4E11E-B7A9-484D-B118-B882F5A88EC8}.Debug|ARM.Build.0 = Debug|ARM
		{F3F4E11E-B7A9-484D-B118-B882F5A88EC8}.Debug|ARM.Deploy.0 = Debug|ARM
		{F3F4E11E-B7A9-484D-B118-B882F5A88EC8}.Debug|ARM64.ActiveCfg = Debug|ARM64
		{F3F4E11E-B7A9-484D-B118-B882F5A88EC8}.Debug|ARM64.Build.0 = Debug|ARM64
		{F3F4E11E-B7A9-484D-B118-B882F5A88EC8}.Debug|ARM64.Deploy.0 = Debug|ARM64
		{F3F4E11E-B7A9-484D-B118-B882F5A88EC8}.Debug|x64.ActiveCfg = Debug|x64
		{F3F4E11E-B7A9-484D-B118-B882F5A88EC8}.Debug|x64.Build.0 = Debug|x64
		{F3F4E11E-B7A9-484D-B118-B882F5A88EC8}.Debug|x64.Deploy.0 = Debug|x64
		{F3F4E11E-B7A9-484D-B118-B882F5A88EC8}.Debug|x86.ActiveCfg = Debug|x86
		{F3F4E11E-B7A9-484D-B118-B882F5A88EC8}.Debug|x86.Build.0 = Debug|x86
		{F3F4E11E-B7A9-484D-B118-B882F5A88EC8}.Debug|x86.Deploy.0 = Debug|x86
		{F3F4E11E-B7A9-484D-B118-B882F5A88EC8}.Release|Any CPU.ActiveCfg = Release|x86
		{F3F4E11E-B7A9-484D-B118-B882F5A88EC8}.Release|ARM.ActiveCfg = Release|ARM
		{F3F4E11E-B7A9-484D-B118-B882F5A88EC8}.Release|ARM.Build.0 = Release|ARM
		{F3F4E11E-B7A9-484D-B118-B882F5A88EC8}.Release|ARM.Deploy.0 = Release|ARM
		{F3F4E11E-B7A9-484D-B118-B882F5A88EC8}.Release|ARM64.ActiveCfg = Release|ARM64
		{F3F4E11E-B7A9-484D-B118-B882F5A88EC8}.Release|ARM64.Build.0 = Release|ARM64
		{F3F4E11E-B7A9-484D-B118-B882F5A88EC8}.Release|ARM64.Deploy.0 = Release|ARM64
		{F3F4E11E-B7A9-484D-B118-B882F5A88EC8}.Release|x64.ActiveCfg = Release|x64
		{F3F4E11E-B7A9-484D-B118-B882F5A88EC8}.Release|x64.Build.0 = Release|x64
		{F3F4E11E-B7A9-484D-B118-B882F5A88EC8}.Release|x64.Deploy.0 = Release|x64
		{F3F4E11E-B7A9-484D-B118-B882F5A88EC8}.Release|x86.ActiveCfg = Release|x86
		{F3F4E11E-B7A9-484D-B118-B882F5A88EC8}.Release|x86.Build.0 = Release|x86
		{F3F4E11E-B7A9-484D-B118-B882F5A88EC8}.Release|x86.Deploy.0 = Release|x86
		{2703E11F-15C1-4FAD-BD8F-569E68BA3E04}.Debug|Any CPU.ActiveCfg = Debug|x86
		{2703E11F-15C1-4FAD-BD8F-569E68BA3E04}.Debug|ARM.ActiveCfg = Debug|ARM
		{2703E11F-15C1-4FAD-BD8F-569E68BA3E04}.Debug|ARM.Build.0 = Debug|ARM
		{2703E11F-15C1-4FAD-BD8F-569E68BA3E04}.Debug|ARM.Deploy.0 = Debug|ARM
		{2703E11F-15C1-4FAD-BD8F-569E68BA3E04}.Debug|ARM64.ActiveCfg = Debug|x86
		{2703E11F-15C1-4FAD-BD8F-569E68BA3E04}.Debug|x64.ActiveCfg = Debug|x64
		{2703E11F-15C1-4FAD-BD8F-569E68BA3E04}.Debug|x64.Build.0 = Debug|x64
		{2703E11F-15C1-4FAD-BD8F-569E68BA3E04}.Debug|x64.Deploy.0 = Debug|x64
		{2703E11F-15C1-4FAD-BD8F-569E68BA3E04}.Debug|x86.ActiveCfg = Debug|x86
		{2703E11F-15C1-4FAD-BD8F-569E68BA3E04}.Debug|x86.Build.0 = Debug|x86
		{2703E11F-15C1-4FAD-BD8F-569E68BA3E04}.Debug|x86.Deploy.0 = Debug|x86
		{2703E11F-15C1-4FAD-BD8F-569E68BA3E04}.Release|Any CPU.ActiveCfg = Release|x86
		{2703E11F-15C1-4FAD-BD8F-569E68BA3E04}.Release|ARM.ActiveCfg = Release|ARM
		{2703E11F-15C1-4FAD-BD8F-569E68BA3E04}.Release|ARM.Build.0 = Release|ARM
		{2703E11F-15C1-4FAD-BD8F-569E68BA3E04}.Release|ARM.Deploy.0 = Release|ARM
		{2703E11F-15C1-4FAD-BD8F-569E68BA3E04}.Release|ARM64.ActiveCfg = Release|x86
		{2703E11F-15C1-4FAD-BD8F-569E68BA3E04}.Release|x64.ActiveCfg = Release|x64
		{2703E11F-15C1-4FAD-BD8F-569E68BA3E04}.Release|x64.Build.0 = Release|x64
		{2703E11F-15C1-4FAD-BD8F-569E68BA3E04}.Release|x64.Deploy.0 = Release|x64
		{2703E11F-15C1-4FAD-BD8F-569E68BA3E04}.Release|x86.ActiveCfg = Release|x86
		{2703E11F-15C1-4FAD-BD8F-569E68BA3E04}.Release|x86.Build.0 = Release|x86
		{2703E11F-15C1-4FAD-BD8F-569E68BA3E04}.Release|x86.Deploy.0 = Release|x86
		{CA803D58-7B2B-4C42-85D3-AD99C882D6D6}.Debug|Any CPU.ActiveCfg = Debug|Any CPU
		{CA803D58-7B2B-4C42-85D3-AD99C882D6D6}.Debug|Any CPU.Build.0 = Debug|Any CPU
		{CA803D58-7B2B-4C42-85D3-AD99C882D6D6}.Debug|ARM.ActiveCfg = Debug|Any CPU
		{CA803D58-7B2B-4C42-85D3-AD99C882D6D6}.Debug|ARM.Build.0 = Debug|Any CPU
		{CA803D58-7B2B-4C42-85D3-AD99C882D6D6}.Debug|ARM64.ActiveCfg = Debug|Any CPU
		{CA803D58-7B2B-4C42-85D3-AD99C882D6D6}.Debug|ARM64.Build.0 = Debug|Any CPU
		{CA803D58-7B2B-4C42-85D3-AD99C882D6D6}.Debug|x64.ActiveCfg = Debug|Any CPU
		{CA803D58-7B2B-4C42-85D3-AD99C882D6D6}.Debug|x64.Build.0 = Debug|Any CPU
		{CA803D58-7B2B-4C42-85D3-AD99C882D6D6}.Debug|x86.ActiveCfg = Debug|Any CPU
		{CA803D58-7B2B-4C42-85D3-AD99C882D6D6}.Debug|x86.Build.0 = Debug|Any CPU
		{CA803D58-7B2B-4C42-85D3-AD99C882D6D6}.Release|Any CPU.ActiveCfg = Release|Any CPU
		{CA803D58-7B2B-4C42-85D3-AD99C882D6D6}.Release|Any CPU.Build.0 = Release|Any CPU
		{CA803D58-7B2B-4C42-85D3-AD99C882D6D6}.Release|ARM.ActiveCfg = Release|Any CPU
		{CA803D58-7B2B-4C42-85D3-AD99C882D6D6}.Release|ARM.Build.0 = Release|Any CPU
		{CA803D58-7B2B-4C42-85D3-AD99C882D6D6}.Release|ARM64.ActiveCfg = Release|Any CPU
		{CA803D58-7B2B-4C42-85D3-AD99C882D6D6}.Release|ARM64.Build.0 = Release|Any CPU
		{CA803D58-7B2B-4C42-85D3-AD99C882D6D6}.Release|x64.ActiveCfg = Release|Any CPU
		{CA803D58-7B2B-4C42-85D3-AD99C882D6D6}.Release|x64.Build.0 = Release|Any CPU
		{CA803D58-7B2B-4C42-85D3-AD99C882D6D6}.Release|x86.ActiveCfg = Release|Any CPU
		{CA803D58-7B2B-4C42-85D3-AD99C882D6D6}.Release|x86.Build.0 = Release|Any CPU
	EndGlobalSection
	GlobalSection(SolutionProperties) = preSolution
		HideSolutionNode = FALSE
	EndGlobalSection
	GlobalSection(ExtensibilityGlobals) = postSolution
		SolutionGuid = {10B0AADF-417F-4762-887E-7E259B2E7987}
	EndGlobalSection
EndGlobal
